
Microsoft Visual Studio Solution File, Format Version 12.00
# Visual Studio 2012
Project("{FAE04EC0-301F-11D3-BF4B-00C04F79EFBC}") = "ImagesVectorizer", "ImagesVectorizer\ImagesVectorizer.csproj", "{BF734F8C-DE80-449F-A05B-0393A1883813}"
EndProject
Global
	GlobalSection(SolutionConfigurationPlatforms) = preSolution
		Debug|Any CPU = Debug|Any CPU
		Release|Any CPU = Release|Any CPU
	EndGlobalSection
	GlobalSection(ProjectConfigurationPlatforms) = postSolution
		{BF734F8C-DE80-449F-A05B-0393A1883813}.Debug|Any CPU.ActiveCfg = Debug|Any CPU
		{BF734F8C-DE80-449F-A05B-0393A1883813}.Debug|Any CPU.Build.0 = Debug|Any CPU
		{BF734F8C-DE80-449F-A05B-0393A1883813}.Release|Any CPU.ActiveCfg = Release|Any CPU
		{BF734F8C-DE80-449F-A05B-0393A1883813}.Release|Any CPU.Build.0 = Release|Any CPU
	EndGlobalSection
	GlobalSection(SolutionProperties) = preSolution
		HideSolutionNode = FALSE
	EndGlobalSection
EndGlobal
